
Microsoft Visual Studio Solution File, Format Version 11.00
# Visual Studio 2010
Project("{8BC9CEB8-8B4A-11D0-8D11-00A0C91BC942}") = "barpp", "barpp.vcxproj", "{78C06D6D-2906-4D36-980E-F0A1EFD2B991}"
EndProject
Global
	GlobalSection(SolutionConfigurationPlatforms) = preSolution
		Debug|Win32 = Debug|Win32
		Release|Win32 = Release|Win32
	EndGlobalSection
	GlobalSection(ProjectConfigurationPlatforms) = postSolution
		{78C06D6D-2906-4D36-980E-F0A1EFD2B991}.Debug|Win32.ActiveCfg = Debug|Win32
		{78C06D6D-2906-4D36-980E-F0A1EFD2B991}.Debug|Win32.Build.0 = Debug|Win32
		{78C06D6D-2906-4D36-980E-F0A1EFD2B991}.Release|Win32.ActiveCfg = Release|Win32
		{78C06D6D-2906-4D36-980E-F0A1EFD2B991}.Release|Win32.Build.0 = Release|Win32
	EndGlobalSection
	GlobalSection(SolutionProperties) = preSolution
		HideSolutionNode = FALSE
	EndGlobalSection
EndGlobal
